PODS:
  - SJFrameSwift (0.1.0)

DEPENDENCIES:
  - SJFrameSwift (from `https://github.com/SJClass/SJFrameSwift.git`)

EXTERNAL SOURCES:
  SJFrameSwift:
    :git: https://github.com/SJClass/SJFrameSwift.git

CHECKOUT OPTIONS:
  SJFrameSwift:
    :commit: 7861b5bb1728c62ce417d64b1ed10aa87d152ff8
    :git: https://github.com/SJClass/SJFrameSwift.git

SPEC CHECKSUMS:
  SJFrameSwift: d8a2b08d7074eb8d41046828d44a2e024c92b91e

PODFILE CHECKSUM: 97323316fa25c93844656ffb2125c3f00588f6a5

COCOAPODS: 1.11.3
